
Microsoft Visual Studio Solution File, Format Version 12.00
# Visual Studio 14
VisualStudioVersion = 14.0.23107.0
MinimumVisualStudioVersion = 10.0.40219.1
Project("{2150E333-8FDC-42A3-9474-1A3956D46DE8}") = "Arrays and Indexers", "Arrays and Indexers", "{23D88555-4684-40E2-A0E9-6719505F85C0}"
EndProject
Project("{FAE04EC0-301F-11D3-BF4B-00C04F79EFBC}") = "01_Arrays", "01_Arrays\01_Arrays.csproj", "{AEEF2278-4674-4FC7-B7DB-89CAF4629B66}"
EndProject
Project("{FAE04EC0-301F-11D3-BF4B-00C04F79EFBC}") = "02_TwoDimensional", "02_TwoDimensional\02_TwoDimensional.csproj", "{045CED6A-93D0-4882-8BA6-354F5972C561}"
EndProject
Project("{FAE04EC0-301F-11D3-BF4B-00C04F79EFBC}") = "03_ArrayMultiDim", "03_ArrayMultiDim\03_ArrayMultiDim.csproj", "{E276B3E0-FCB5-45F9-A05F-5C8494CDE503}"
EndProject
Project("{FAE04EC0-301F-11D3-BF4B-00C04F79EFBC}") = "04_Jagged", "04_Jagged\04_Jagged.csproj", "{58B82168-4E6A-4778-B69D-F81971D14588}"
EndProject
Project("{FAE04EC0-301F-11D3-BF4B-00C04F79EFBC}") = "05_ClassArray", "05_ClassArray\05_ClassArray.csproj", "{11C3FCEE-0235-467A-81D9-4B95E979EA36}"
EndProject
Project("{FAE04EC0-301F-11D3-BF4B-00C04F79EFBC}") = "06_Covariant", "06_Covariant\06_Covariant.csproj", "{B4180DC8-2DBE-47EF-A9E6-B53E32E17B3F}"
EndProject
Project("{FAE04EC0-301F-11D3-BF4B-00C04F79EFBC}") = "08_Params", "08_Params\08_Params.csproj", "{27E9EF2A-F113-4D9F-803A-0F5411E506BC}"
EndProject
Project("{FAE04EC0-301F-11D3-BF4B-00C04F79EFBC}") = "09_Indexers", "09_Indexers\09_Indexers.csproj", "{6239D139-E76F-4D7E-B4B1-01E17E5665AD}"
EndProject
Project("{FAE04EC0-301F-11D3-BF4B-00C04F79EFBC}") = "10_Indexers", "10_Indexers\10_Indexers.csproj", "{A25AE6AE-D81D-456B-9DA0-3EE4FDFB3718}"
EndProject
Project("{FAE04EC0-301F-11D3-BF4B-00C04F79EFBC}") = "11_Indexers", "11_Indexers\11_Indexers.csproj", "{DA90DBBD-3180-41C6-A2D9-6DDA6E61ACF5}"
EndProject
Project("{2150E333-8FDC-42A3-9474-1A3956D46DE8}") = "Delegates", "Delegates", "{CBE12CA7-4347-4335-876D-E07E52E82A13}"
EndProject
Project("{FAE04EC0-301F-11D3-BF4B-00C04F79EFBC}") = "01_Delegates", "01_Delegates\01_Delegates.csproj", "{E94A37F0-06CC-46C6-A167-39EBF8007F74}"
EndProject
Project("{FAE04EC0-301F-11D3-BF4B-00C04F79EFBC}") = "02_Delegates", "02_Delegates\02_Delegates.csproj", "{712790F6-E7C8-4EEA-B331-C302FD1094B1}"
EndProject
Project("{FAE04EC0-301F-11D3-BF4B-00C04F79EFBC}") = "03_Delegates", "03_Delegates\03_Delegates.csproj", "{9683DB6A-DD6B-4854-AA2D-7C56EBA2A628}"
EndProject
Project("{FAE04EC0-301F-11D3-BF4B-00C04F79EFBC}") = "04_Delegates", "04_Delegates\04_Delegates.csproj", "{E2DC7F63-339E-44C0-BA1A-4A3C88ACA5A1}"
EndProject
Project("{FAE04EC0-301F-11D3-BF4B-00C04F79EFBC}") = "05_Delegates(Anonymous methods)", "05_Delegates\05_Delegates(Anonymous methods).csproj", "{C4E5F9EE-E945-4327-8B5C-4D23ED35D0F8}"
EndProject
Project("{FAE04EC0-301F-11D3-BF4B-00C04F79EFBC}") = "06_Delegates(Anon mmethod with parameters)", "06_Delegates(Anon mmethod with parameters)\06_Delegates(Anon mmethod with parameters).csproj", "{A7798349-8710-44CD-A37B-1F59601DEA79}"
EndProject
Project("{FAE04EC0-301F-11D3-BF4B-00C04F79EFBC}") = "07_Delegates(Lambda expressions)", "07_Delegates(Lambda expressions)\07_Delegates(Lambda expressions).csproj", "{C97CC72E-B71D-4DC0-BB43-9C6A234F56B8}"
EndProject
Project("{FAE04EC0-301F-11D3-BF4B-00C04F79EFBC}") = "08_Delegates(Lambda expressions)", "08_Delegates(Lambda expressions)\08_Delegates(Lambda expressions).csproj", "{8C32E921-73ED-4064-ACB1-AEB0E18DB5E1}"
EndProject
Project("{FAE04EC0-301F-11D3-BF4B-00C04F79EFBC}") = "09_Delegates", "09_Delegates\09_Delegates.csproj", "{A5B279E5-D3DD-49F4-80DF-223F4D695AF0}"
EndProject
Project("{FAE04EC0-301F-11D3-BF4B-00C04F79EFBC}") = "10_Delegates", "10_Delegates\10_Delegates.csproj", "{21D30AC6-F696-45AC-96AF-2276F485B415}"
EndProject
Project("{FAE04EC0-301F-11D3-BF4B-00C04F79EFBC}") = "11_Delegates", "11_Delegates\11_Delegates.csproj", "{C9BE4C7A-D07D-4AAD-ABA5-87667DB6554F}"
EndProject
Project("{2150E333-8FDC-42A3-9474-1A3956D46DE8}") = "Generics", "Generics", "{F2B013A1-2BFE-4A33-A62B-2EB23FBF4F51}"
EndProject
Project("{FAE04EC0-301F-11D3-BF4B-00C04F79EFBC}") = "01_Generics", "01_Generics\01_Generics.csproj", "{BD6F3E95-23FE-41F9-9587-511DF5B36320}"
EndProject
Project("{FAE04EC0-301F-11D3-BF4B-00C04F79EFBC}") = "02_Generics", "02_Generics\02_Generics.csproj", "{B247A12F-7CBF-4F80-8E1E-8BB6FDAA3401}"
EndProject
Project("{FAE04EC0-301F-11D3-BF4B-00C04F79EFBC}") = "03_Generics", "03_Generics\03_Generics.csproj", "{47AAF4C0-FFA4-47D7-95FB-F659309DDFC3}"
EndProject
Project("{FAE04EC0-301F-11D3-BF4B-00C04F79EFBC}") = "04_Generics(Delegates)", "04_Generics(Delegates)\04_Generics(Delegates).csproj", "{A2BD84D3-DA0B-45D2-9E2C-7747E5368FF1}"
EndProject
Project("{FAE04EC0-301F-11D3-BF4B-00C04F79EFBC}") = "05_Generics_Covariance", "05_Generics_Covariance\05_Generics_Covariance.csproj", "{A56F26B1-607F-4B37-AF20-E219296508AA}"
EndProject
Global
	GlobalSection(SolutionConfigurationPlatforms) = preSolution
		Debug|Any CPU = Debug|Any CPU
		Release|Any CPU = Release|Any CPU
	EndGlobalSection
	GlobalSection(ProjectConfigurationPlatforms) = postSolution
		{AEEF2278-4674-4FC7-B7DB-89CAF4629B66}.Debug|Any CPU.ActiveCfg = Debug|Any CPU
		{AEEF2278-4674-4FC7-B7DB-89CAF4629B66}.Debug|Any CPU.Build.0 = Debug|Any CPU
		{AEEF2278-4674-4FC7-B7DB-89CAF4629B66}.Release|Any CPU.ActiveCfg = Release|Any CPU
		{AEEF2278-4674-4FC7-B7DB-89CAF4629B66}.Release|Any CPU.Build.0 = Release|Any CPU
		{045CED6A-93D0-4882-8BA6-354F5972C561}.Debug|Any CPU.ActiveCfg = Debug|Any CPU
		{045CED6A-93D0-4882-8BA6-354F5972C561}.Debug|Any CPU.Build.0 = Debug|Any CPU
		{045CED6A-93D0-4882-8BA6-354F5972C561}.Release|Any CPU.ActiveCfg = Release|Any CPU
		{045CED6A-93D0-4882-8BA6-354F5972C561}.Release|Any CPU.Build.0 = Release|Any CPU
		{E276B3E0-FCB5-45F9-A05F-5C8494CDE503}.Debug|Any CPU.ActiveCfg = Debug|Any CPU
		{E276B3E0-FCB5-45F9-A05F-5C8494CDE503}.Debug|Any CPU.Build.0 = Debug|Any CPU
		{E276B3E0-FCB5-45F9-A05F-5C8494CDE503}.Release|Any CPU.ActiveCfg = Release|Any CPU
		{E276B3E0-FCB5-45F9-A05F-5C8494CDE503}.Release|Any CPU.Build.0 = Release|Any CPU
		{58B82168-4E6A-4778-B69D-F81971D14588}.Debug|Any CPU.ActiveCfg = Debug|Any CPU
		{58B82168-4E6A-4778-B69D-F81971D14588}.Debug|Any CPU.Build.0 = Debug|Any CPU
		{58B82168-4E6A-4778-B69D-F81971D14588}.Release|Any CPU.ActiveCfg = Release|Any CPU
		{58B82168-4E6A-4778-B69D-F81971D14588}.Release|Any CPU.Build.0 = Release|Any CPU
		{11C3FCEE-0235-467A-81D9-4B95E979EA36}.Debug|Any CPU.ActiveCfg = Debug|Any CPU
		{11C3FCEE-0235-467A-81D9-4B95E979EA36}.Debug|Any CPU.Build.0 = Debug|Any CPU
		{11C3FCEE-0235-467A-81D9-4B95E979EA36}.Release|Any CPU.ActiveCfg = Release|Any CPU
		{11C3FCEE-0235-467A-81D9-4B95E979EA36}.Release|Any CPU.Build.0 = Release|Any CPU
		{B4180DC8-2DBE-47EF-A9E6-B53E32E17B3F}.Debug|Any CPU.ActiveCfg = Debug|Any CPU
		{B4180DC8-2DBE-47EF-A9E6-B53E32E17B3F}.Debug|Any CPU.Build.0 = Debug|Any CPU
		{B4180DC8-2DBE-47EF-A9E6-B53E32E17B3F}.Release|Any CPU.ActiveCfg = Release|Any CPU
		{B4180DC8-2DBE-47EF-A9E6-B53E32E17B3F}.Release|Any CPU.Build.0 = Release|Any CPU
		{27E9EF2A-F113-4D9F-803A-0F5411E506BC}.Debug|Any CPU.ActiveCfg = Debug|Any CPU
		{27E9EF2A-F113-4D9F-803A-0F5411E506BC}.Debug|Any CPU.Build.0 = Debug|Any CPU
		{27E9EF2A-F113-4D9F-803A-0F5411E506BC}.Release|Any CPU.ActiveCfg = Release|Any CPU
		{27E9EF2A-F113-4D9F-803A-0F5411E506BC}.Release|Any CPU.Build.0 = Release|Any CPU
		{6239D139-E76F-4D7E-B4B1-01E17E5665AD}.Debug|Any CPU.ActiveCfg = Debug|Any CPU
		{6239D139-E76F-4D7E-B4B1-01E17E5665AD}.Debug|Any CPU.Build.0 = Debug|Any CPU
		{6239D139-E76F-4D7E-B4B1-01E17E5665AD}.Release|Any CPU.ActiveCfg = Release|Any CPU
		{6239D139-E76F-4D7E-B4B1-01E17E5665AD}.Release|Any CPU.Build.0 = Release|Any CPU
		{A25AE6AE-D81D-456B-9DA0-3EE4FDFB3718}.Debug|Any CPU.ActiveCfg = Debug|Any CPU
		{A25AE6AE-D81D-456B-9DA0-3EE4FDFB3718}.Debug|Any CPU.Build.0 = Debug|Any CPU
		{A25AE6AE-D81D-456B-9DA0-3EE4FDFB3718}.Release|Any CPU.ActiveCfg = Release|Any CPU
		{A25AE6AE-D81D-456B-9DA0-3EE4FDFB3718}.Release|Any CPU.Build.0 = Release|Any CPU
		{DA90DBBD-3180-41C6-A2D9-6DDA6E61ACF5}.Debug|Any CPU.ActiveCfg = Debug|Any CPU
		{DA90DBBD-3180-41C6-A2D9-6DDA6E61ACF5}.Debug|Any CPU.Build.0 = Debug|Any CPU
		{DA90DBBD-3180-41C6-A2D9-6DDA6E61ACF5}.Release|Any CPU.ActiveCfg = Release|Any CPU
		{DA90DBBD-3180-41C6-A2D9-6DDA6E61ACF5}.Release|Any CPU.Build.0 = Release|Any CPU
		{E94A37F0-06CC-46C6-A167-39EBF8007F74}.Debug|Any CPU.ActiveCfg = Debug|Any CPU
		{E94A37F0-06CC-46C6-A167-39EBF8007F74}.Debug|Any CPU.Build.0 = Debug|Any CPU
		{E94A37F0-06CC-46C6-A167-39EBF8007F74}.Release|Any CPU.ActiveCfg = Release|Any CPU
		{E94A37F0-06CC-46C6-A167-39EBF8007F74}.Release|Any CPU.Build.0 = Release|Any CPU
		{712790F6-E7C8-4EEA-B331-C302FD1094B1}.Debug|Any CPU.ActiveCfg = Debug|Any CPU
		{712790F6-E7C8-4EEA-B331-C302FD1094B1}.Debug|Any CPU.Build.0 = Debug|Any CPU
		{712790F6-E7C8-4EEA-B331-C302FD1094B1}.Release|Any CPU.ActiveCfg = Release|Any CPU
		{712790F6-E7C8-4EEA-B331-C302FD1094B1}.Release|Any CPU.Build.0 = Release|Any CPU
		{9683DB6A-DD6B-4854-AA2D-7C56EBA2A628}.Debug|Any CPU.ActiveCfg = Debug|Any CPU
		{9683DB6A-DD6B-4854-AA2D-7C56EBA2A628}.Debug|Any CPU.Build.0 = Debug|Any CPU
		{9683DB6A-DD6B-4854-AA2D-7C56EBA2A628}.Release|Any CPU.ActiveCfg = Release|Any CPU
		{9683DB6A-DD6B-4854-AA2D-7C56EBA2A628}.Release|Any CPU.Build.0 = Release|Any CPU
		{E2DC7F63-339E-44C0-BA1A-4A3C88ACA5A1}.Debug|Any CPU.ActiveCfg = Debug|Any CPU
		{E2DC7F63-339E-44C0-BA1A-4A3C88ACA5A1}.Debug|Any CPU.Build.0 = Debug|Any CPU
		{E2DC7F63-339E-44C0-BA1A-4A3C88ACA5A1}.Release|Any CPU.ActiveCfg = Release|Any CPU
		{E2DC7F63-339E-44C0-BA1A-4A3C88ACA5A1}.Release|Any CPU.Build.0 = Release|Any CPU
		{C4E5F9EE-E945-4327-8B5C-4D23ED35D0F8}.Debug|Any CPU.ActiveCfg = Debug|Any CPU
		{C4E5F9EE-E945-4327-8B5C-4D23ED35D0F8}.Debug|Any CPU.Build.0 = Debug|Any CPU
		{C4E5F9EE-E945-4327-8B5C-4D23ED35D0F8}.Release|Any CPU.ActiveCfg = Release|Any CPU
		{C4E5F9EE-E945-4327-8B5C-4D23ED35D0F8}.Release|Any CPU.Build.0 = Release|Any CPU
		{A7798349-8710-44CD-A37B-1F59601DEA79}.Debug|Any CPU.ActiveCfg = Debug|Any CPU
		{A7798349-8710-44CD-A37B-1F59601DEA79}.Debug|Any CPU.Build.0 = Debug|Any CPU
		{A7798349-8710-44CD-A37B-1F59601DEA79}.Release|Any CPU.ActiveCfg = Release|Any CPU
		{A7798349-8710-44CD-A37B-1F59601DEA79}.Release|Any CPU.Build.0 = Release|Any CPU
		{C97CC72E-B71D-4DC0-BB43-9C6A234F56B8}.Debug|Any CPU.ActiveCfg = Debug|Any CPU
		{C97CC72E-B71D-4DC0-BB43-9C6A234F56B8}.Debug|Any CPU.Build.0 = Debug|Any CPU
		{C97CC72E-B71D-4DC0-BB43-9C6A234F56B8}.Release|Any CPU.ActiveCfg = Release|Any CPU
		{C97CC72E-B71D-4DC0-BB43-9C6A234F56B8}.Release|Any CPU.Build.0 = Release|Any CPU
		{8C32E921-73ED-4064-ACB1-AEB0E18DB5E1}.Debug|Any CPU.ActiveCfg = Debug|Any CPU
		{8C32E921-73ED-4064-ACB1-AEB0E18DB5E1}.Debug|Any CPU.Build.0 = Debug|Any CPU
		{8C32E921-73ED-4064-ACB1-AEB0E18DB5E1}.Release|Any CPU.ActiveCfg = Release|Any CPU
		{8C32E921-73ED-4064-ACB1-AEB0E18DB5E1}.Release|Any CPU.Build.0 = Release|Any CPU
		{A5B279E5-D3DD-49F4-80DF-223F4D695AF0}.Debug|Any CPU.ActiveCfg = Debug|Any CPU
		{A5B279E5-D3DD-49F4-80DF-223F4D695AF0}.Debug|Any CPU.Build.0 = Debug|Any CPU
		{A5B279E5-D3DD-49F4-80DF-223F4D695AF0}.Release|Any CPU.ActiveCfg = Release|Any CPU
		{A5B279E5-D3DD-49F4-80DF-223F4D695AF0}.Release|Any CPU.Build.0 = Release|Any CPU
		{21D30AC6-F696-45AC-96AF-2276F485B415}.Debug|Any CPU.ActiveCfg = Debug|Any CPU
		{21D30AC6-F696-45AC-96AF-2276F485B415}.Debug|Any CPU.Build.0 = Debug|Any CPU
		{21D30AC6-F696-45AC-96AF-2276F485B415}.Release|Any CPU.ActiveCfg = Release|Any CPU
		{21D30AC6-F696-45AC-96AF-2276F485B415}.Release|Any CPU.Build.0 = Release|Any CPU
		{C9BE4C7A-D07D-4AAD-ABA5-87667DB6554F}.Debug|Any CPU.ActiveCfg = Debug|Any CPU
		{C9BE4C7A-D07D-4AAD-ABA5-87667DB6554F}.Debug|Any CPU.Build.0 = Debug|Any CPU
		{C9BE4C7A-D07D-4AAD-ABA5-87667DB6554F}.Release|Any CPU.ActiveCfg = Release|Any CPU
		{C9BE4C7A-D07D-4AAD-ABA5-87667DB6554F}.Release|Any CPU.Build.0 = Release|Any CPU
		{BD6F3E95-23FE-41F9-9587-511DF5B36320}.Debug|Any CPU.ActiveCfg = Debug|Any CPU
		{BD6F3E95-23FE-41F9-9587-511DF5B36320}.Debug|Any CPU.Build.0 = Debug|Any CPU
		{BD6F3E95-23FE-41F9-9587-511DF5B36320}.Release|Any CPU.ActiveCfg = Release|Any CPU
		{BD6F3E95-23FE-41F9-9587-511DF5B36320}.Release|Any CPU.Build.0 = Release|Any CPU
		{B247A12F-7CBF-4F80-8E1E-8BB6FDAA3401}.Debug|Any CPU.ActiveCfg = Debug|Any CPU
		{B247A12F-7CBF-4F80-8E1E-8BB6FDAA3401}.Debug|Any CPU.Build.0 = Debug|Any CPU
		{B247A12F-7CBF-4F80-8E1E-8BB6FDAA3401}.Release|Any CPU.ActiveCfg = Release|Any CPU
		{B247A12F-7CBF-4F80-8E1E-8BB6FDAA3401}.Release|Any CPU.Build.0 = Release|Any CPU
		{47AAF4C0-FFA4-47D7-95FB-F659309DDFC3}.Debug|Any CPU.ActiveCfg = Debug|Any CPU
		{47AAF4C0-FFA4-47D7-95FB-F659309DDFC3}.Debug|Any CPU.Build.0 = Debug|Any CPU
		{47AAF4C0-FFA4-47D7-95FB-F659309DDFC3}.Release|Any CPU.ActiveCfg = Release|Any CPU
		{47AAF4C0-FFA4-47D7-95FB-F659309DDFC3}.Release|Any CPU.Build.0 = Release|Any CPU
		{A2BD84D3-DA0B-45D2-9E2C-7747E5368FF1}.Debug|Any CPU.ActiveCfg = Debug|Any CPU
		{A2BD84D3-DA0B-45D2-9E2C-7747E5368FF1}.Debug|Any CPU.Build.0 = Debug|Any CPU
		{A2BD84D3-DA0B-45D2-9E2C-7747E5368FF1}.Release|Any CPU.ActiveCfg = Release|Any CPU
		{A2BD84D3-DA0B-45D2-9E2C-7747E5368FF1}.Release|Any CPU.Build.0 = Release|Any CPU
		{A56F26B1-607F-4B37-AF20-E219296508AA}.Debug|Any CPU.ActiveCfg = Debug|Any CPU
		{A56F26B1-607F-4B37-AF20-E219296508AA}.Debug|Any CPU.Build.0 = Debug|Any CPU
		{A56F26B1-607F-4B37-AF20-E219296508AA}.Release|Any CPU.ActiveCfg = Release|Any CPU
		{A56F26B1-607F-4B37-AF20-E219296508AA}.Release|Any CPU.Build.0 = Release|Any CPU
	EndGlobalSection
	GlobalSection(SolutionProperties) = preSolution
		HideSolutionNode = FALSE
	EndGlobalSection
	GlobalSection(NestedProjects) = preSolution
		{AEEF2278-4674-4FC7-B7DB-89CAF4629B66} = {23D88555-4684-40E2-A0E9-6719505F85C0}
		{045CED6A-93D0-4882-8BA6-354F5972C561} = {23D88555-4684-40E2-A0E9-6719505F85C0}
		{E276B3E0-FCB5-45F9-A05F-5C8494CDE503} = {23D88555-4684-40E2-A0E9-6719505F85C0}
		{58B82168-4E6A-4778-B69D-F81971D14588} = {23D88555-4684-40E2-A0E9-6719505F85C0}
		{11C3FCEE-0235-467A-81D9-4B95E979EA36} = {23D88555-4684-40E2-A0E9-6719505F85C0}
		{B4180DC8-2DBE-47EF-A9E6-B53E32E17B3F} = {23D88555-4684-40E2-A0E9-6719505F85C0}
		{27E9EF2A-F113-4D9F-803A-0F5411E506BC} = {23D88555-4684-40E2-A0E9-6719505F85C0}
		{6239D139-E76F-4D7E-B4B1-01E17E5665AD} = {23D88555-4684-40E2-A0E9-6719505F85C0}
		{A25AE6AE-D81D-456B-9DA0-3EE4FDFB3718} = {23D88555-4684-40E2-A0E9-6719505F85C0}
		{DA90DBBD-3180-41C6-A2D9-6DDA6E61ACF5} = {23D88555-4684-40E2-A0E9-6719505F85C0}
		{E94A37F0-06CC-46C6-A167-39EBF8007F74} = {CBE12CA7-4347-4335-876D-E07E52E82A13}
		{712790F6-E7C8-4EEA-B331-C302FD1094B1} = {CBE12CA7-4347-4335-876D-E07E52E82A13}
		{9683DB6A-DD6B-4854-AA2D-7C56EBA2A628} = {CBE12CA7-4347-4335-876D-E07E52E82A13}
		{E2DC7F63-339E-44C0-BA1A-4A3C88ACA5A1} = {CBE12CA7-4347-4335-876D-E07E52E82A13}
		{C4E5F9EE-E945-4327-8B5C-4D23ED35D0F8} = {CBE12CA7-4347-4335-876D-E07E52E82A13}
		{A7798349-8710-44CD-A37B-1F59601DEA79} = {CBE12CA7-4347-4335-876D-E07E52E82A13}
		{C97CC72E-B71D-4DC0-BB43-9C6A234F56B8} = {CBE12CA7-4347-4335-876D-E07E52E82A13}
		{8C32E921-73ED-4064-ACB1-AEB0E18DB5E1} = {CBE12CA7-4347-4335-876D-E07E52E82A13}
		{A5B279E5-D3DD-49F4-80DF-223F4D695AF0} = {CBE12CA7-4347-4335-876D-E07E52E82A13}
		{21D30AC6-F696-45AC-96AF-2276F485B415} = {CBE12CA7-4347-4335-876D-E07E52E82A13}
		{C9BE4C7A-D07D-4AAD-ABA5-87667DB6554F} = {CBE12CA7-4347-4335-876D-E07E52E82A13}
		{BD6F3E95-23FE-41F9-9587-511DF5B36320} = {F2B013A1-2BFE-4A33-A62B-2EB23FBF4F51}
		{B247A12F-7CBF-4F80-8E1E-8BB6FDAA3401} = {F2B013A1-2BFE-4A33-A62B-2EB23FBF4F51}
		{47AAF4C0-FFA4-47D7-95FB-F659309DDFC3} = {F2B013A1-2BFE-4A33-A62B-2EB23FBF4F51}
		{A2BD84D3-DA0B-45D2-9E2C-7747E5368FF1} = {F2B013A1-2BFE-4A33-A62B-2EB23FBF4F51}
		{A56F26B1-607F-4B37-AF20-E219296508AA} = {F2B013A1-2BFE-4A33-A62B-2EB23FBF4F51}
	EndGlobalSection
EndGlobal
